
Microsoft Visual Studio Solution File, Format Version 12.00
# Visual Studio Version 17
VisualStudioVersion = 17.14.36203.30 d17.14
MinimumVisualStudioVersion = 10.0.40219.1
Project("{FAE04EC0-301F-11D3-BF4B-00C04F79EFBC}") = "ZooFinal.API", "ZooFinal.API\ZooFinal.API.csproj", "{A0949CBE-5EAB-4F3A-A02C-6D34523CBAE8}"
EndProject
Project("{FAE04EC0-301F-11D3-BF4B-00C04F79EFBC}") = "Zoo.BLL", "Zoo.BLL\Zoo.BLL.csproj", "{F9F35204-E01D-4E41-861F-287892A19F06}"
EndProject
Project("{FAE04EC0-301F-11D3-BF4B-00C04F79EFBC}") = "Zoo.DAL", "Zoo.DAL\Zoo.DAL.csproj", "{87DD0FF4-A055-4E6E-95CF-4D66F8564936}"
EndProject
Global
	GlobalSection(SolutionConfigurationPlatforms) = preSolution
		Debug|Any CPU = Debug|Any CPU
		Release|Any CPU = Release|Any CPU
	EndGlobalSection
	GlobalSection(ProjectConfigurationPlatforms) = postSolution
		{A0949CBE-5EAB-4F3A-A02C-6D34523CBAE8}.Debug|Any CPU.ActiveCfg = Debug|Any CPU
		{A0949CBE-5EAB-4F3A-A02C-6D34523CBAE8}.Debug|Any CPU.Build.0 = Debug|Any CPU
		{A0949CBE-5EAB-4F3A-A02C-6D34523CBAE8}.Release|Any CPU.ActiveCfg = Release|Any CPU
		{A0949CBE-5EAB-4F3A-A02C-6D34523CBAE8}.Release|Any CPU.Build.0 = Release|Any CPU
		{F9F35204-E01D-4E41-861F-287892A19F06}.Debug|Any CPU.ActiveCfg = Debug|Any CPU
		{F9F35204-E01D-4E41-861F-287892A19F06}.Debug|Any CPU.Build.0 = Debug|Any CPU
		{F9F35204-E01D-4E41-861F-287892A19F06}.Release|Any CPU.ActiveCfg = Release|Any CPU
		{F9F35204-E01D-4E41-861F-287892A19F06}.Release|Any CPU.Build.0 = Release|Any CPU
		{87DD0FF4-A055-4E6E-95CF-4D66F8564936}.Debug|Any CPU.ActiveCfg = Debug|Any CPU
		{87DD0FF4-A055-4E6E-95CF-4D66F8564936}.Debug|Any CPU.Build.0 = Debug|Any CPU
		{87DD0FF4-A055-4E6E-95CF-4D66F8564936}.Release|Any CPU.ActiveCfg = Release|Any CPU
		{87DD0FF4-A055-4E6E-95CF-4D66F8564936}.Release|Any CPU.Build.0 = Release|Any CPU
	EndGlobalSection
	GlobalSection(SolutionProperties) = preSolution
		HideSolutionNode = FALSE
	EndGlobalSection
	GlobalSection(ExtensibilityGlobals) = postSolution
		SolutionGuid = {2E4822A9-7D27-4CEE-B154-0C007CEB43CF}
	EndGlobalSection
EndGlobal
